
Microsoft Visual Studio Solution File, Format Version 12.00
# Visual Studio Version 17
VisualStudioVersion = 17.1.32228.430
MinimumVisualStudioVersion = 10.0.40219.1
Project("{FAE04EC0-301F-11D3-BF4B-00C04F79EFBC}") = "Rest-API Template", "Rest-API Template\Rest-API Template.csproj", "{3650BF81-2579-4AAE-9A32-263BC1831F8D}"
EndProject
Project("{FAE04EC0-301F-11D3-BF4B-00C04F79EFBC}") = "Repositories", "Repositories\Repositories.csproj", "{5E9993CE-3695-40B0-9421-F7549764FD0B}"
EndProject
Project("{FAE04EC0-301F-11D3-BF4B-00C04F79EFBC}") = "Utilities", "Utilities\Utilities.csproj", "{4E526BC3-FBB8-4C77-9AB3-F05F1B576594}"
EndProject
Global
	GlobalSection(SolutionConfigurationPlatforms) = preSolution
		Debug|Any CPU = Debug|Any CPU
		Release|Any CPU = Release|Any CPU
	EndGlobalSection
	GlobalSection(ProjectConfigurationPlatforms) = postSolution
		{3650BF81-2579-4AAE-9A32-263BC1831F8D}.Debug|Any CPU.ActiveCfg = Debug|Any CPU
		{3650BF81-2579-4AAE-9A32-263BC1831F8D}.Debug|Any CPU.Build.0 = Debug|Any CPU
		{3650BF81-2579-4AAE-9A32-263BC1831F8D}.Release|Any CPU.ActiveCfg = Release|Any CPU
		{3650BF81-2579-4AAE-9A32-263BC1831F8D}.Release|Any CPU.Build.0 = Release|Any CPU
		{5E9993CE-3695-40B0-9421-F7549764FD0B}.Debug|Any CPU.ActiveCfg = Debug|Any CPU
		{5E9993CE-3695-40B0-9421-F7549764FD0B}.Debug|Any CPU.Build.0 = Debug|Any CPU
		{5E9993CE-3695-40B0-9421-F7549764FD0B}.Release|Any CPU.ActiveCfg = Release|Any CPU
		{5E9993CE-3695-40B0-9421-F7549764FD0B}.Release|Any CPU.Build.0 = Release|Any CPU
		{4E526BC3-FBB8-4C77-9AB3-F05F1B576594}.Debug|Any CPU.ActiveCfg = Debug|Any CPU
		{4E526BC3-FBB8-4C77-9AB3-F05F1B576594}.Debug|Any CPU.Build.0 = Debug|Any CPU
		{4E526BC3-FBB8-4C77-9AB3-F05F1B576594}.Release|Any CPU.ActiveCfg = Release|Any CPU
		{4E526BC3-FBB8-4C77-9AB3-F05F1B576594}.Release|Any CPU.Build.0 = Release|Any CPU
	EndGlobalSection
	GlobalSection(SolutionProperties) = preSolution
		HideSolutionNode = FALSE
	EndGlobalSection
	GlobalSection(ExtensibilityGlobals) = postSolution
		SolutionGuid = {DB4EDE8A-AC7F-4160-A5B4-DC35012158DF}
	EndGlobalSection
EndGlobal
